
Microsoft Visual Studio Solution File, Format Version 12.00
# Visual Studio Version 16
VisualStudioVersion = 25.0.1700.6
MinimumVisualStudioVersion = 10.0.40219.1
Project("{FAE04EC0-301F-11D3-BF4B-00C04F79EFBC}") = "BestBuyBestPractices", "BestBuyBestPractices\BestBuyBestPractices.csproj", "{C91CF22B-C081-4F21-BC58-3FB95FF6DB31}"
EndProject
Global
	GlobalSection(SolutionConfigurationPlatforms) = preSolution
		Debug|Any CPU = Debug|Any CPU
		Release|Any CPU = Release|Any CPU
	EndGlobalSection
	GlobalSection(ProjectConfigurationPlatforms) = postSolution
		{C91CF22B-C081-4F21-BC58-3FB95FF6DB31}.Debug|Any CPU.ActiveCfg = Debug|Any CPU
		{C91CF22B-C081-4F21-BC58-3FB95FF6DB31}.Debug|Any CPU.Build.0 = Debug|Any CPU
		{C91CF22B-C081-4F21-BC58-3FB95FF6DB31}.Release|Any CPU.ActiveCfg = Release|Any CPU
		{C91CF22B-C081-4F21-BC58-3FB95FF6DB31}.Release|Any CPU.Build.0 = Release|Any CPU
	EndGlobalSection
	GlobalSection(SolutionProperties) = preSolution
		HideSolutionNode = FALSE
	EndGlobalSection
	GlobalSection(ExtensibilityGlobals) = postSolution
		SolutionGuid = {4B0710D8-9CF8-4D56-BFAC-1EA9093F0EDB}
	EndGlobalSection
EndGlobal
